# Release build lock: CPython 3.12, Windows x64.
# Includes transitive runtime packages and build tools; regenerate only after tests/audit.
# proxy-tools is distributed upstream as a source archive.

altgraph==0.17.5 --hash=sha256:f3a22400bce1b0c701683820ac4f3b159cd301acab067c51c653e06961600597
bottle==0.13.4 --hash=sha256:045684fbd2764eac9cdeb824861d1551d113e8b683d8d26e296898d3dd99a12e
certifi==2026.7.22 --hash=sha256:62f22742b58a1a33014a2b6b706588a8d7e2a88ae7bd1a6ebe8c992928483775
cffi==2.1.1 --hash=sha256:f53e442b08449d42821fa4a4fba000095af9f62742a500f978a9f557ec44339a
charset-normalizer==3.5.2 --hash=sha256:780fbe7cab297b81dad9fb8dc5eb003c0468ffb0d9e5f65068c53a34661a96bc
clr-loader==0.3.1 --hash=sha256:cbad189de20d202a7d621956b0fc38049e13c9bf7ca2923441eff725cd121aa1
idna==3.20 --hash=sha256:ab7ae7122974553370f0bdb919e1a960b2cd1bc1ef0276416d896db81c14582c
packaging==26.3 --hash=sha256:d7193f7c8e4e93f444fde0262bf90af30e16fa0ad0ad44cb553c87339b23cd1c
pefile==2024.8.26 --hash=sha256:76f8b485dcd3b1bb8166f1128d395fa3d87af26360c2358fb75b80019b957c6f
pillow==12.3.0 --hash=sha256:a2b55dd6b2a4c4b7d87ffa56bdb33fdc5fdb9a462173861a7bc097f17d91cb09
pip==26.2.1 --hash=sha256:71138adf1f4ca900cdb7d289c21b7494329f2332b6d85f0e1c42108c0384ed3e
proxy-tools==0.1.0 --hash=sha256:ccb3751f529c047e2d8a58440d86b205303cf0fe8146f784d1cbcd94f0a28010
psutil==5.9.8 --hash=sha256:8db4c1b57507eef143a15a6884ca10f7c73876cdf5d51e713151c1236a0e68cf
pycparser==3.0 --hash=sha256:b727414169a36b7d524c1c3e31839a521725078d7b2ff038656844266160a992
pyinstaller==6.3.0 --hash=sha256:156b32ba943e0090bcc68e40ae1cb68fd92b7f1ab6fe0bdf8faf3d3cfc4e12dd
pyinstaller-hooks-contrib==2026.8 --hash=sha256:6d21d65323ea4467753afc21f52d7d0e69416ae8101dd88269bf273ad48db084
pystray==0.19.5 --hash=sha256:a0c2229d02cf87207297c22d86ffc57c86c227517b038c0d3c59df79295ac617
pythonnet==3.2.0 --hash=sha256:c8c7946d291156ffc1d5f22c001a63c6776947ce3c64da800ccea8181ddb1abe
pywebview==6.2.1 --hash=sha256:9d07275f53894ab4d5e2e0e996227193e7187dec276d9b624dccbce029216b46
pywin32-ctypes==0.2.3 --hash=sha256:8a1513379d709975552d202d942d9837758905c8d01eb82b8bcc30918929e7b8
requests==2.34.2 --hash=sha256:2a0d60c172f83ac6ab31e4554906c0f3b3588d37b5cb939b1c061f4907e278e0
setuptools==84.0.0 --hash=sha256:51a52592b3b99e102b609654876bd65f19f999935166d1352678931132b0c670
six==1.17.0 --hash=sha256:4721f391ed90541fddacab5acf947aa0d3dc7d27b2e1e8eda2be8970586c3274
typing-extensions==4.16.0 --hash=sha256:481caa481374e813c1b176ada14e97f1f67a4539ce9cfeb3f350d78d6370c2e8
urllib3==2.8.0 --hash=sha256:0cf3cae568d36aa9576b28dfb35f11328f1cb974ca7647d9475ebb86c75ac6e3
websocket-client==1.7.0 --hash=sha256:f4c3d22fec12a2461427a29957ff07d35098ee2d976d3ba244e688b8b4057588
websockets==12.0 --hash=sha256:ae0a5da8f35a5be197f328d4727dbcfafa53d1824fac3d96cdd3a642fe09394f
xxhash==4.0.1 --hash=sha256:5c2d525a3afabcd8e3549d85fc7e111fde6bc302d06a1893fe73adb79823415e
zstandard==0.25.0 --hash=sha256:ffef5a74088f1e09947aecf91011136665152e0b4b359c42be3373897fb39b01
